// !$*UTF8*$!
{
	archiveVersion = 1;
	classes = {
	};
	objectVersion = 46;
	objects = {

/* Begin PBXBuildFile section */
		68F81FFA1DDA719800F3B809 /* AppDelegate.swift in Sources */ = {isa = PBXBuildFile; fileRef = 68F81FF91DDA719800F3B809 /* AppDelegate.swift */; };
		68F81FFC1DDA719800F3B809 /* EhVC.swift in Sources */ = {isa = PBXBuildFile; fileRef = 68F81FFB1DDA719800F3B809 /* EhVC.swift */; };
		68F81FFE1DDA719800F3B809 /* BeeVC.swift in Sources */ = {isa = PBXBuildFile; fileRef = 68F81FFD1DDA719800F3B809 /* BeeVC.swift */; };
		68F820011DDA719800F3B809 /* Main.storyboard in Resources */ = {isa = PBXBuildFile; fileRef = 68F81FFF1DDA719800F3B809 /* Main.storyboard */; };
		68F820031DDA719800F3B809 /* Assets.xcassets in Resources */ = {isa = PBXBuildFile; fileRef = 68F820021DDA719800F3B809 /* Assets.xcassets */; };
		68F820061DDA719800F3B809 /* LaunchScreen.storyboard in Resources */ = {isa = PBXBuildFile; fileRef = 68F820041DDA719800F3B809 /* LaunchScreen.storyboard */; };
		68F8200E1DDA74A500F3B809 /* SeaVC.swift in Sources */ = {isa = PBXBuildFile; fileRef = 68F8200D1DDA74A500F3B809 /* SeaVC.swift */; };
/* End PBXBuildFile section */

/* Begin PBXFileReference section */
		68F81FF61DDA719800F3B809 /* Git-ICE_CPE.app */ = {isa = PBXFileReference; explicitFileType = wrapper.application; includeInIndex = 0; path = "Git-ICE_CPE.app"; sourceTree = BUILT_PRODUCTS_DIR; };
		68F81FF91DDA719800F3B809 /* AppDelegate.swift */ = {isa = PBXFileReference; lastKnownFileType = sourcecode.swift; path = AppDelegate.swift; sourceTree = "<group>"; };
		68F81FFB1DDA719800F3B809 /* EhVC.swift */ = {isa = PBXFileReference; lastKnownFileType = sourcecode.swift; path = EhVC.swift; sourceTree = "<group>"; };
		68F81FFD1DDA719800F3B809 /* BeeVC.swift */ = {isa = PBXFileReference; lastKnownFileType = sourcecode.swift; path = BeeVC.swift; sourceTree = "<group>"; };
		68F820001DDA719800F3B809 /* Base */ = {isa = PBXFileReference; lastKnownFileType = file.storyboard; name = Base; path = Base.lproj/Main.storyboard; sourceTree = "<group>"; };
		68F820021DDA719800F3B809 /* Assets.xcassets */ = {isa = PBXFileReference; lastKnownFileType = folder.assetcatalog; path = Assets.xcassets; sourceTree = "<group>"; };
		68F820051DDA719800F3B809 /* Base */ = {isa = PBXFileReference; lastKnownFileType = file.storyboard; name = Base; path = Base.lproj/LaunchScreen.storyboard; sourceTree = "<group>"; };
		68F820071DDA719800F3B809 /* Info.plist */ = {isa = PBXFileReference; lastKnownFileType = text.plist.xml; path = Info.plist; sourceTree = "<group>"; };
		68F8200D1DDA74A500F3B809 /* SeaVC.swift */ = {isa = PBXFileReference; fileEncoding = 4; lastKnownFileType = sourcecode.swift; path = SeaVC.swift; sourceTree = "<group>"; };
/* End PBXFileReference section */

/* Begin PBXFrameworksBuildPhase section */
		68F81FF31DDA719800F3B809 /* Frameworks */ = {
			isa = PBXFrameworksBuildPhase;
			buildActionMask = 2147483647;
			files = (
			);
			runOnlyForDeploymentPostprocessing = 0;
		};
/* End PBXFrameworksBuildPhase section */

/* Begin PBXGroup section */
		68F81FED1DDA719800F3B809 = {
			isa = PBXGroup;
			children = (
				68F81FF81DDA719800F3B809 /* Git-ICE_CPE */,
				68F81FF71DDA719800F3B809 /* Products */,
			);
			sourceTree = "<group>";
		};
		68F81FF71DDA719800F3B809 /* Products */ = {
			isa = PBXGroup;
			children = (
				68F81FF61DDA719800F3B809 /* Git-ICE_CPE.app */,
			);
			name = Products;
			sourceTree = "<group>";
		};
		68F81FF81DDA719800F3B809 /* Git-ICE_CPE */ = {
			isa = PBXGroup;
			children = (
				68F81FF91DDA719800F3B809 /* AppDelegate.swift */,
				68F81FFB1DDA719800F3B809 /* EhVC.swift */,
				68F8200D1DDA74A500F3B809 /* SeaVC.swift */,
				68F81FFD1DDA719800F3B809 /* BeeVC.swift */,
				68F81FFF1DDA719800F3B809 /* Main.storyboard */,
				68F820021DDA719800F3B809 /* Assets.xcassets */,
				68F820041DDA719800F3B809 /* LaunchScreen.storyboard */,
				68F820071DDA719800F3B809 /* Info.plist */,
			);
			path = "Git-ICE_CPE";
			sourceTree = "<group>";
		};
/* End PBXGroup section */

/* Begin PBXNativeTarget section */
		68F81FF51DDA719800F3B809 /* Git-ICE_CPE */ = {
			isa = PBXNativeTarget;
			buildConfigurationList = 68F8200A1DDA719800F3B809 /* Build configuration list for PBXNativeTarget "Git-ICE_CPE" */;
			buildPhases = (
				68F81FF21DDA719800F3B809 /* Sources */,
				68F81FF31DDA719800F3B809 /* Frameworks */,
				68F81FF41DDA719800F3B809 /* Resources */,
			);
			buildRules = (
			);
			dependencies = (
			);
			name = "Git-ICE_CPE";
			productName = "Git-ICE_CPE";
			productReference = 68F81FF61DDA719800F3B809 /* Git-ICE_CPE.app */;
			productType = "com.apple.product-type.application";
		};
/* End PBXNativeTarget section */

/* Begin PBXProject section */
		68F81FEE1DDA719800F3B809 /* Project object */ = {
			isa = PBXProject;
			attributes = {
				LastSwiftUpdateCheck = 0730;
				LastUpgradeCheck = 0730;
				ORGANIZATIONNAME = "Ehlers,Corey P";
				TargetAttributes = {
					68F81FF51DDA719800F3B809 = {
						CreatedOnToolsVersion = 7.3.1;
					};
				};
			};
			buildConfigurationList = 68F81FF11DDA719800F3B809 /* Build configuration list for PBXProject "Git-ICE_CPE" */;
			compatibilityVersion = "Xcode 3.2";
			developmentRegion = English;
			hasScannedForEncodings = 0;
			knownRegions = (
				en,
				Base,
			);
			mainGroup = 68F81FED1DDA719800F3B809;
			productRefGroup = 68F81FF71DDA719800F3B809 /* Products */;
			projectDirPath = "";
			projectRoot = "";
			targets = (
				68F81FF51DDA719800F3B809 /* Git-ICE_CPE */,
			);
		};
/* End PBXProject section */

/* Begin PBXResourcesBuildPhase section */
		68F81FF41DDA719800F3B809 /* Resources */ = {
			isa = PBXResourcesBuildPhase;
			buildActionMask = 2147483647;
			files = (
				68F820061DDA719800F3B809 /* LaunchScreen.storyboard in Resources */,
				68F820031DDA719800F3B809 /* Assets.xcassets in Resources */,
				68F820011DDA719800F3B809 /* Main.storyboard in Resources */,
			);
			runOnlyForDeploymentPostprocessing = 0;
		};
/* End PBXResourcesBuildPhase section */

/* Begin PBXSourcesBuildPhase section */
		68F81FF21DDA719800F3B809 /* Sources */ = {
			isa = PBXSourcesBuildPhase;
			buildActionMask = 2147483647;
			files = (
				68F8200E1DDA74A500F3B809 /* SeaVC.swift in Sources */,
				68F81FFE1DDA719800F3B809 /* BeeVC.swift in Sources */,
				68F81FFA1DDA719800F3B809 /* AppDelegate.swift in Sources */,
				68F81FFC1DDA719800F3B809 /* EhVC.swift in Sources */,
			);
			runOnlyForDeploymentPostprocessing = 0;
		};
/* End PBXSourcesBuildPhase section */

/* Begin PBXVariantGroup section */
		68F81FFF1DDA719800F3B809 /* Main.storyboard */ = {
			isa = PBXVariantGroup;
			children = (
				68F820001DDA719800F3B809 /* Base */,
			);
			name = Main.storyboard;
			sourceTree = "<group>";
		};
		68F820041DDA719800F3B809 /* LaunchScreen.storyboard */ = {
			isa = PBXVariantGroup;
			children = (
				68F820051DDA719800F3B809 /* Base */,
			);
			name = LaunchScreen.storyboard;
			sourceTree = "<group>";
		};
/* End PBXVariantGroup section */

/* Begin XCBuildConfiguration section */
		68F820081DDA719800F3B809 /* Debug */ = {
			isa = XCBuildConfiguration;
			buildSettings = {
				ALWAYS_SEARCH_USER_PATHS = NO;
				CLANG_ANALYZER_NONNULL = YES;
				CLANG_CXX_LANGUAGE_STANDARD = "gnu++0x";
				CLANG_CXX_LIBRARY = "libc++";
				CLANG_ENABLE_MODULES = YES;
				CLANG_ENABLE_OBJC_ARC = YES;
				CLANG_WARN_BOOL_CONVERSION = YES;
				CLANG_WARN_CONSTANT_CONVERSION = YES;
				CLANG_WARN_DIRECT_OBJC_ISA_USAGE = YES_ERROR;
				CLANG_WARN_EMPTY_BODY = YES;
				CLANG_WARN_ENUM_CONVERSION = YES;
				CLANG_WARN_INT_CONVERSION = YES;
				CLANG_WARN_OBJC_ROOT_CLASS = YES_ERROR;
				CLANG_WARN_UNREACHABLE_CODE = YES;
				CLANG_WARN__DUPLICATE_METHOD_MATCH = YES;
				"CODE_SIGN_IDENTITY[sdk=iphoneos*]" = "iPhone Developer";
				COPY_PHASE_STRIP = NO;
				DEBUG_INFORMATION_FORMAT = dwarf;
				ENABLE_STRICT_OBJC_MSGSEND = YES;
				ENABLE_TESTABILITY = YES;
				GCC_C_LANGUAGE_STANDARD = gnu99;
				GCC_DYNAMIC_NO_PIC = NO;
				GCC_NO_COMMON_BLOCKS = YES;
				GCC_OPTIMIZATION_LEVEL = 0;
				GCC_PREPROCESSOR_DEFINITIONS = (
					"DEBUG=1",
					"$(inherited)",
				);
				GCC_WARN_64_TO_32_BIT_CONVERSION = YES;
				GCC_WARN_ABOUT_RETURN_TYPE = YES_ERROR;
				GCC_WARN_UNDECLARED_SELECTOR = YES;
				GCC_WARN_UNINITIALIZED_AUTOS = YES_AGGRESSIVE;
				GCC_WARN_UNUSED_FUNCTION = YES;
				GCC_WARN_UNUSED_VARIABLE = YES;
				IPHONEOS_DEPLOYMENT_TARGET = 9.3;
				MTL_ENABLE_DEBUG_INFO = YES;
				ONLY_ACTIVE_ARCH = YES;
				SDKROOT = iphoneos;
				SWIFT_OPTIMIZATION_LEVEL = "-Onone";
				TARGETED_DEVICE_FAMILY = "1,2";
			};
			name = Debug;
		};
		68F820091DDA719800F3B809 /* Release */ = {
			isa = XCBuildConfiguration;
			buildSettings = {
				ALWAYS_SEARCH_USER_PATHS = NO;
				CLANG_ANALYZER_NONNULL = YES;
				CLANG_CXX_LANGUAGE_STANDARD = "gnu++0x";
				CLANG_CXX_LIBRARY = "libc++";
				CLANG_ENABLE_MODULES = YES;
				CLANG_ENABLE_OBJC_ARC = YES;
				CLANG_WARN_BOOL_CONVERSION = YES;
				CLANG_WARN_CONSTANT_CONVERSION = YES;
				CLANG_WARN_DIRECT_OBJC_ISA_USAGE = YES_ERROR;
				CLANG_WARN_EMPTY_BODY = YES;
				CLANG_WARN_ENUM_CONVERSION = YES;
				CLANG_WARN_INT_CONVERSION = YES;
				CLANG_WARN_OBJC_ROOT_CLASS = YES_ERROR;
				CLANG_WARN_UNREACHABLE_CODE = YES;
				CLANG_WARN__DUPLICATE_METHOD_MATCH = YES;
				"CODE_SIGN_IDENTITY[sdk=iphoneos*]" = "iPhone Developer";
				COPY_PHASE_STRIP = NO;
				DEBUG_INFORMATION_FORMAT = "dwarf-with-dsym";
				ENABLE_NS_ASSERTIONS = NO;
				ENABLE_STRICT_OBJC_MSGSEND = YES;
				GCC_C_LANGUAGE_STANDARD = gnu99;
				GCC_NO_COMMON_BLOCKS = YES;
				GCC_WARN_64_TO_32_BIT_CONVERSION = YES;
				GCC_WARN_ABOUT_RETURN_TYPE = YES_ERROR;
				GCC_WARN_UNDECLARED_SELECTOR = YES;
				GCC_WARN_UNINITIALIZED_AUTOS = YES_AGGRESSIVE;
				GCC_WARN_UNUSED_FUNCTION = YES;
				GCC_WARN_UNUSED_VARIABLE = YES;
				IPHONEOS_DEPLOYMENT_TARGET = 9.3;
				MTL_ENABLE_DEBUG_INFO = NO;
				SDKROOT = iphoneos;
				TARGETED_DEVICE_FAMILY = "1,2";
				VALIDATE_PRODUCT = YES;
			};
			name = Release;
		};
		68F8200B1DDA719800F3B809 /* Debug */ = {
			isa = XCBuildConfiguration;
			buildSettings = {
				ASSETCATALOG_COMPILER_APPICON_NAME = AppIcon;
				INFOPLIST_FILE = "Git-ICE_CPE/Info.plist";
				LD_RUNPATH_SEARCH_PATHS = "$(inherited) @executable_path/Frameworks";
				PRODUCT_BUNDLE_IDENTIFIER = "edu.nwmissouri.Git-ICE-CPE";
				PRODUCT_NAME = "$(TARGET_NAME)";
			};
			name = Debug;
		};
		68F8200C1DDA719800F3B809 /* Release */ = {
			isa = XCBuildConfiguration;
			buildSettings = {
				ASSETCATALOG_COMPILER_APPICON_NAME = AppIcon;
				INFOPLIST_FILE = "Git-ICE_CPE/Info.plist";
				LD_RUNPATH_SEARCH_PATHS = "$(inherited) @executable_path/Frameworks";
				PRODUCT_BUNDLE_IDENTIFIER = "edu.nwmissouri.Git-ICE-CPE";
				PRODUCT_NAME = "$(TARGET_NAME)";
			};
			name = Release;
		};
/* End XCBuildConfiguration section */

/* Begin XCConfigurationList section */
		68F81FF11DDA719800F3B809 /* Build configuration list for PBXProject "Git-ICE_CPE" */ = {
			isa = XCConfigurationList;
			buildConfigurations = (
				68F820081DDA719800F3B809 /* Debug */,
				68F820091DDA719800F3B809 /* Release */,
			);
			defaultConfigurationIsVisible = 0;
			defaultConfigurationName = Release;
		};
		68F8200A1DDA719800F3B809 /* Build configuration list for PBXNativeTarget "Git-ICE_CPE" */ = {
			isa = XCConfigurationList;
			buildConfigurations = (
				68F8200B1DDA719800F3B809 /* Debug */,
				68F8200C1DDA719800F3B809 /* Release */,
			);
			defaultConfigurationIsVisible = 0;
		};
/* End XCConfigurationList section */
	};
	rootObject = 68F81FEE1DDA719800F3B809 /* Project object */;
}
